
Microsoft Visual Studio Solution File, Format Version 12.00
# Visual Studio 14
VisualStudioVersion = 14.0.25420.1
MinimumVisualStudioVersion = 10.0.40219.1
Project("{FAE04EC0-301F-11D3-BF4B-00C04F79EFBC}") = "Telemonitoreo.Api", "Telemonitoreo.Api\Telemonitoreo.Api.csproj", "{D4282421-D34D-46CA-B448-BE5629527117}"
EndProject
Project("{E24C65DC-7377-472B-9ABA-BC803B73C61A}") = "Telemonitoreo.Client", "Telemonitoreo.Client\", "{7524ADE1-8FF2-4BA6-B341-E9B7BDC37C3D}"
	ProjectSection(WebsiteProperties) = preProject
		TargetFrameworkMoniker = ".NETFramework,Version%3Dv4.0"
		Debug.AspNetCompiler.VirtualPath = "/localhost_60091"
		Debug.AspNetCompiler.PhysicalPath = "Telemonitoreo.Client\"
		Debug.AspNetCompiler.TargetPath = "PrecompiledWeb\localhost_60091\"
		Debug.AspNetCompiler.Updateable = "true"
		Debug.AspNetCompiler.ForceOverwrite = "true"
		Debug.AspNetCompiler.FixedNames = "false"
		Debug.AspNetCompiler.Debug = "True"
		Release.AspNetCompiler.VirtualPath = "/localhost_60091"
		Release.AspNetCompiler.PhysicalPath = "Telemonitoreo.Client\"
		Release.AspNetCompiler.TargetPath = "PrecompiledWeb\localhost_60091\"
		Release.AspNetCompiler.Updateable = "true"
		Release.AspNetCompiler.ForceOverwrite = "true"
		Release.AspNetCompiler.FixedNames = "false"
		Release.AspNetCompiler.Debug = "False"
		VWDPort = "60091"
		SlnRelativePath = "Telemonitoreo.Client\"
		StartServerOnDebug = "false"
	EndProjectSection
EndProject
Project("{FAE04EC0-301F-11D3-BF4B-00C04F79EFBC}") = "DataAccess", "DataAccess\DataAccess.csproj", "{A54E2AE8-4C59-4C93-8988-93E816E5667B}"
EndProject
Global
	GlobalSection(SolutionConfigurationPlatforms) = preSolution
		Debug|Any CPU = Debug|Any CPU
		Release|Any CPU = Release|Any CPU
	EndGlobalSection
	GlobalSection(ProjectConfigurationPlatforms) = postSolution
		{D4282421-D34D-46CA-B448-BE5629527117}.Debug|Any CPU.ActiveCfg = Debug|Any CPU
		{D4282421-D34D-46CA-B448-BE5629527117}.Debug|Any CPU.Build.0 = Debug|Any CPU
		{D4282421-D34D-46CA-B448-BE5629527117}.Release|Any CPU.ActiveCfg = Release|Any CPU
		{D4282421-D34D-46CA-B448-BE5629527117}.Release|Any CPU.Build.0 = Release|Any CPU
		{7524ADE1-8FF2-4BA6-B341-E9B7BDC37C3D}.Debug|Any CPU.ActiveCfg = Debug|Any CPU
		{7524ADE1-8FF2-4BA6-B341-E9B7BDC37C3D}.Debug|Any CPU.Build.0 = Debug|Any CPU
		{7524ADE1-8FF2-4BA6-B341-E9B7BDC37C3D}.Release|Any CPU.ActiveCfg = Debug|Any CPU
		{7524ADE1-8FF2-4BA6-B341-E9B7BDC37C3D}.Release|Any CPU.Build.0 = Debug|Any CPU
		{A54E2AE8-4C59-4C93-8988-93E816E5667B}.Debug|Any CPU.ActiveCfg = Debug|Any CPU
		{A54E2AE8-4C59-4C93-8988-93E816E5667B}.Debug|Any CPU.Build.0 = Debug|Any CPU
		{A54E2AE8-4C59-4C93-8988-93E816E5667B}.Release|Any CPU.ActiveCfg = Release|Any CPU
		{A54E2AE8-4C59-4C93-8988-93E816E5667B}.Release|Any CPU.Build.0 = Release|Any CPU
	EndGlobalSection
	GlobalSection(SolutionProperties) = preSolution
		HideSolutionNode = FALSE
	EndGlobalSection
EndGlobal
