Microsoft Visual Studio Solution File, Format Version 12.00
# Visual Studio 2013
VisualStudioVersion = 12.0.40629.0
MinimumVisualStudioVersion = 10.0.40219.1
Project("{FAE04EC0-301F-11D3-BF4B-00C04F79EFBC}") = "ServicioTelemonitoreo", "ServicioTelemonitoreo\ServicioTelemonitoreo.csproj", "{4A0C55C0-85CA-41A2-AF13-DE1F68971300}"
EndProject
Project("{FAE04EC0-301F-11D3-BF4B-00C04F79EFBC}") = "DataAccess", "DataAccess\DataAccess.csproj", "{A54E2AE8-4C59-4C93-8988-93E816E5667B}"
EndProject
Project("{54435603-DBB4-11D2-8724-00A0C9A8B90C}") = "ServicioTelemonitoreo.Installer", "ServicioTelemonitoreo.Installer\ServicioTelemonitoreo.Installer.vdproj", "{3FC2F5C0-AF56-4272-A034-1FB746DCF6EC}"
EndProject
Global
	GlobalSection(SolutionConfigurationPlatforms) = preSolution
		Debug|Any CPU = Debug|Any CPU
		Release|Any CPU = Release|Any CPU
	EndGlobalSection
	GlobalSection(ProjectConfigurationPlatforms) = postSolution
		{4A0C55C0-85CA-41A2-AF13-DE1F68971300}.Debug|Any CPU.ActiveCfg = Debug|Any CPU
		{4A0C55C0-85CA-41A2-AF13-DE1F68971300}.Debug|Any CPU.Build.0 = Debug|Any CPU
		{4A0C55C0-85CA-41A2-AF13-DE1F68971300}.Release|Any CPU.ActiveCfg = Release|Any CPU
		{4A0C55C0-85CA-41A2-AF13-DE1F68971300}.Release|Any CPU.Build.0 = Release|Any CPU
		{A54E2AE8-4C59-4C93-8988-93E816E5667B}.Debug|Any CPU.ActiveCfg = Debug|Any CPU
		{A54E2AE8-4C59-4C93-8988-93E816E5667B}.Debug|Any CPU.Build.0 = Debug|Any CPU
		{A54E2AE8-4C59-4C93-8988-93E816E5667B}.Release|Any CPU.ActiveCfg = Release|Any CPU
		{A54E2AE8-4C59-4C93-8988-93E816E5667B}.Release|Any CPU.Build.0 = Release|Any CPU
		{3FC2F5C0-AF56-4272-A034-1FB746DCF6EC}.Debug|Any CPU.ActiveCfg = Debug
		{3FC2F5C0-AF56-4272-A034-1FB746DCF6EC}.Release|Any CPU.ActiveCfg = Release
	EndGlobalSection
	GlobalSection(SolutionProperties) = preSolution
		HideSolutionNode = FALSE
	EndGlobalSection
EndGlobal
